
Microsoft Visual Studio Solution File, Format Version 12.00
# Visual Studio Version 16
VisualStudioVersion = 16.0.30907.101
MinimumVisualStudioVersion = 10.0.40219.1
Project("{FAE04EC0-301F-11D3-BF4B-00C04F79EFBC}") = "Symmetric-tree", "Symmetric-tree\Symmetric-tree.csproj", "{E977B59C-6764-49A9-89C4-D9D86A8C114D}"
EndProject
Global
	GlobalSection(SolutionConfigurationPlatforms) = preSolution
		Debug|Any CPU = Debug|Any CPU
		Release|Any CPU = Release|Any CPU
	EndGlobalSection
	GlobalSection(ProjectConfigurationPlatforms) = postSolution
		{E977B59C-6764-49A9-89C4-D9D86A8C114D}.Debug|Any CPU.ActiveCfg = Debug|Any CPU
		{E977B59C-6764-49A9-89C4-D9D86A8C114D}.Debug|Any CPU.Build.0 = Debug|Any CPU
		{E977B59C-6764-49A9-89C4-D9D86A8C114D}.Release|Any CPU.ActiveCfg = Release|Any CPU
		{E977B59C-6764-49A9-89C4-D9D86A8C114D}.Release|Any CPU.Build.0 = Release|Any CPU
	EndGlobalSection
	GlobalSection(SolutionProperties) = preSolution
		HideSolutionNode = FALSE
	EndGlobalSection
	GlobalSection(ExtensibilityGlobals) = postSolution
		SolutionGuid = {BD6E62A8-3220-4B2D-9149-23512919A0B6}
	EndGlobalSection
EndGlobal
